
Microsoft Visual Studio Solution File, Format Version 12.00
# Visual Studio Version 17
VisualStudioVersion = 17.10.35027.167
MinimumVisualStudioVersion = 10.0.40219.1
Project("{FAE04EC0-301F-11D3-BF4B-00C04F79EFBC}") = "WebApi", "WebApi\WebApi.csproj", "{A7FF649B-7638-4775-B520-9FE87C06FC71}"
EndProject
Project("{FAE04EC0-301F-11D3-BF4B-00C04F79EFBC}") = "Domain", "Domain\Domain.csproj", "{D194E347-A5C1-4C99-BFD3-DAC5064E0D80}"
EndProject
Project("{FAE04EC0-301F-11D3-BF4B-00C04F79EFBC}") = "Infrastructure", "Infrastructure\Infrastructure.csproj", "{5F78820D-5E20-4480-91C2-9EF53B4DDC28}"
EndProject
Project("{FAE04EC0-301F-11D3-BF4B-00C04F79EFBC}") = "Application", "Application\Application.csproj", "{673EA23D-1ACA-432D-A7D8-60DF9CE71BD3}"
EndProject
Global
	GlobalSection(SolutionConfigurationPlatforms) = preSolution
		Debug|Any CPU = Debug|Any CPU
		Release|Any CPU = Release|Any CPU
	EndGlobalSection
	GlobalSection(ProjectConfigurationPlatforms) = postSolution
		{A7FF649B-7638-4775-B520-9FE87C06FC71}.Debug|Any CPU.ActiveCfg = Debug|Any CPU
		{A7FF649B-7638-4775-B520-9FE87C06FC71}.Debug|Any CPU.Build.0 = Debug|Any CPU
		{A7FF649B-7638-4775-B520-9FE87C06FC71}.Release|Any CPU.ActiveCfg = Release|Any CPU
		{A7FF649B-7638-4775-B520-9FE87C06FC71}.Release|Any CPU.Build.0 = Release|Any CPU
		{D194E347-A5C1-4C99-BFD3-DAC5064E0D80}.Debug|Any CPU.ActiveCfg = Debug|Any CPU
		{D194E347-A5C1-4C99-BFD3-DAC5064E0D80}.Debug|Any CPU.Build.0 = Debug|Any CPU
		{D194E347-A5C1-4C99-BFD3-DAC5064E0D80}.Release|Any CPU.ActiveCfg = Release|Any CPU
		{D194E347-A5C1-4C99-BFD3-DAC5064E0D80}.Release|Any CPU.Build.0 = Release|Any CPU
		{5F78820D-5E20-4480-91C2-9EF53B4DDC28}.Debug|Any CPU.ActiveCfg = Debug|Any CPU
		{5F78820D-5E20-4480-91C2-9EF53B4DDC28}.Debug|Any CPU.Build.0 = Debug|Any CPU
		{5F78820D-5E20-4480-91C2-9EF53B4DDC28}.Release|Any CPU.ActiveCfg = Release|Any CPU
		{5F78820D-5E20-4480-91C2-9EF53B4DDC28}.Release|Any CPU.Build.0 = Release|Any CPU
		{673EA23D-1ACA-432D-A7D8-60DF9CE71BD3}.Debug|Any CPU.ActiveCfg = Debug|Any CPU
		{673EA23D-1ACA-432D-A7D8-60DF9CE71BD3}.Debug|Any CPU.Build.0 = Debug|Any CPU
		{673EA23D-1ACA-432D-A7D8-60DF9CE71BD3}.Release|Any CPU.ActiveCfg = Release|Any CPU
		{673EA23D-1ACA-432D-A7D8-60DF9CE71BD3}.Release|Any CPU.Build.0 = Release|Any CPU
	EndGlobalSection
	GlobalSection(SolutionProperties) = preSolution
		HideSolutionNode = FALSE
	EndGlobalSection
	GlobalSection(ExtensibilityGlobals) = postSolution
		SolutionGuid = {5B4845AC-B05F-41ED-8562-02EBBE257183}
	EndGlobalSection
EndGlobal
